dependencies:
- name: elasticsearch
  repository: https://helm.elastic.co
  version: 7.17.3
- name: maildev
  repository: https://cnieg.github.io/helm-charts
  version: 1.1.1
digest: sha256:5e1f87c70fb3fad1809ee277e582297bcb285a35a86c1a0d0a0f68fbf96e1993
generated: "2023-02-23T17:41:08.418808813+01:00"
